{
  "lockfileVersion": 1,
  "configVersion": 1,
  "workspaces": {
    "": {
      "name": "gecko",
      "devDependencies": {
        "@types/bun": "latest",
      },
      "peerDependencies": {
        "typescript": "^5",
      },
    },
    "packages/cli": {
      "name": "@gecko/cli",
      "version": "0.0.1",
      "bin": {
        "gecko": "./index.ts",
      },
      "dependencies": {
        "@gecko/core": "workspace:*",
        "@gecko/rules-default": "workspace:*",
        "commander": "^14.0.2",
      },
      "devDependencies": {
        "bun-types": "latest",
      },
    },
    "packages/core": {
      "name": "@gecko/core",
      "version": "0.0.1",
      "devDependencies": {
        "bun-types": "latest",
      },
      "peerDependencies": {
        "typescript": "^5.0.0",
      },
    },
    "packages/rules-default": {
      "name": "@gecko/rules-default",
      "version": "0.0.1",
      "dependencies": {
        "@gecko/core": "workspace:*",
      },
      "devDependencies": {
        "bun-types": "latest",
      },
    },
    "packages/vscode": {
      "name": "@gecko/vscode",
      "version": "0.0.1",
      "dependencies": {
        "@gecko/core": "workspace:*",
      },
      "devDependencies": {
        "@types/node": "^20.0.0",
        "@types/vscode": "^1.80.0",
      },
    },
  },
  "packages": {
    "@gecko/cli": ["@gecko/cli@workspace:packages/cli"],

    "@gecko/core": ["@gecko/core@workspace:packages/core"],

    "@gecko/rules-default": ["@gecko/rules-default@workspace:packages/rules-default"],

    "@gecko/vscode": ["@gecko/vscode@workspace:packages/vscode"],

    "@types/bun": ["@types/bun@1.3.3", "", { "dependencies": { "bun-types": "1.3.3" } }, "sha512-ogrKbJ2X5N0kWLLFKeytG0eHDleBYtngtlbu9cyBKFtNL3cnpDZkNdQj8flVf6WTZUX5ulI9AY1oa7ljhSrp+g=="],

    "@types/node": ["@types/node@20.19.25", "", { "dependencies": { "undici-types": "~6.21.0" } }, "sha512-ZsJzA5thDQMSQO788d7IocwwQbI8B5OPzmqNvpf3NY/+MHDAS759Wo0gd2WQeXYt5AAAQjzcrTVC6SKCuYgoCQ=="],

    "@types/vscode": ["@types/vscode@1.106.1", "", {}, "sha512-R/HV8u2h8CAddSbX8cjpdd7B8/GnE4UjgjpuGuHcbp1xV6yh4OeqU4L1pKjlwujCrSFS0MOpwJAIs/NexMB1fQ=="],

    "bun-types": ["bun-types@1.3.3", "", { "dependencies": { "@types/node": "*" } }, "sha512-z3Xwlg7j2l9JY27x5Qn3Wlyos8YAp0kKRlrePAOjgjMGS5IG6E7Jnlx736vH9UVI4wUICwwhC9anYL++XeOgTQ=="],

    "commander": ["commander@14.0.2", "", {}, "sha512-TywoWNNRbhoD0BXs1P3ZEScW8W5iKrnbithIl0YH+uCmBd0QpPOA8yc82DS3BIE5Ma6FnBVUsJ7wVUDz4dvOWQ=="],

    "typescript": ["typescript@5.9.3", "", { "bin": { "tsc": "bin/tsc", "tsserver": "bin/tsserver" } }, "sha512-jl1vZzPDinLr9eUt3J/t7V6FgNEw9QjvBPdysz9KfQDD41fQrC2Y4vKQdiaUpFT4bXlb1RHhLpp8wtm6M5TgSw=="],

    "undici-types": ["undici-types@6.21.0", "", {}, "sha512-iwDZqg0QAGrg9Rav5H4n0M64c3mkR59cJ6wQp+7C4nI0gsmExaedaYLNO44eT4AtBBwjbTiGPMlt2Md0T9H9JQ=="],

    "bun-types/@types/node": ["@types/node@24.10.1", "", { "dependencies": { "undici-types": "~7.16.0" } }, "sha512-GNWcUTRBgIRJD5zj+Tq0fKOJ5XZajIiBroOF0yvj2bSU1WvNdYS/dn9UxwsujGW4JX06dnHyjV2y9rRaybH0iQ=="],

    "bun-types/@types/node/undici-types": ["undici-types@7.16.0", "", {}, "sha512-Zz+aZWSj8LE6zoxD+xrjh4VfkIG8Ya6LvYkZqtUQGJPZjYl53ypCaUwWqo7eI0x66KBGeRo+mlBEkMSeSZ38Nw=="],
  }
}
